
Microsoft Visual Studio Solution File, Format Version 12.00
# Visual Studio 15
VisualStudioVersion = 15.0.26228.4
MinimumVisualStudioVersion = 10.0.40219.1
Project("{8BC9CEB8-8B4A-11D0-8D11-00A0C91BC942}") = "AVL", "AVL\AVL.vcxproj", "{4A7DBC47-E41C-4A92-958A-B8B407F1DBC9}"
EndProject
Project("{8BC9CEB8-8B4A-11D0-8D11-00A0C91BC942}") = "Balance", "Balance\Balance.vcxproj", "{6BCAB2FE-8FB5-4ADD-9BE6-7DFB3DAF192C}"
EndProject
Global
	GlobalSection(SolutionConfigurationPlatforms) = preSolution
		Debug|x64 = Debug|x64
		Debug|x86 = Debug|x86
		Release|x64 = Release|x64
		Release|x86 = Release|x86
	EndGlobalSection
	GlobalSection(ProjectConfigurationPlatforms) = postSolution
		{4A7DBC47-E41C-4A92-958A-B8B407F1DBC9}.Debug|x64.ActiveCfg = Debug|x64
		{4A7DBC47-E41C-4A92-958A-B8B407F1DBC9}.Debug|x64.Build.0 = Debug|x64
		{4A7DBC47-E41C-4A92-958A-B8B407F1DBC9}.Debug|x86.ActiveCfg = Debug|Win32
		{4A7DBC47-E41C-4A92-958A-B8B407F1DBC9}.Debug|x86.Build.0 = Debug|Win32
		{4A7DBC47-E41C-4A92-958A-B8B407F1DBC9}.Release|x64.ActiveCfg = Release|x64
		{4A7DBC47-E41C-4A92-958A-B8B407F1DBC9}.Release|x64.Build.0 = Release|x64
		{4A7DBC47-E41C-4A92-958A-B8B407F1DBC9}.Release|x86.ActiveCfg = Release|Win32
		{4A7DBC47-E41C-4A92-958A-B8B407F1DBC9}.Release|x86.Build.0 = Release|Win32
		{6BCAB2FE-8FB5-4ADD-9BE6-7DFB3DAF192C}.Debug|x64.ActiveCfg = Debug|x64
		{6BCAB2FE-8FB5-4ADD-9BE6-7DFB3DAF192C}.Debug|x64.Build.0 = Debug|x64
		{6BCAB2FE-8FB5-4ADD-9BE6-7DFB3DAF192C}.Debug|x86.ActiveCfg = Debug|Win32
		{6BCAB2FE-8FB5-4ADD-9BE6-7DFB3DAF192C}.Debug|x86.Build.0 = Debug|Win32
		{6BCAB2FE-8FB5-4ADD-9BE6-7DFB3DAF192C}.Release|x64.ActiveCfg = Release|x64
		{6BCAB2FE-8FB5-4ADD-9BE6-7DFB3DAF192C}.Release|x64.Build.0 = Release|x64
		{6BCAB2FE-8FB5-4ADD-9BE6-7DFB3DAF192C}.Release|x86.ActiveCfg = Release|Win32
		{6BCAB2FE-8FB5-4ADD-9BE6-7DFB3DAF192C}.Release|x86.Build.0 = Release|Win32
	EndGlobalSection
	GlobalSection(SolutionProperties) = preSolution
		HideSolutionNode = FALSE
	EndGlobalSection
EndGlobal
